{
  "name": "npm-package-remove-vowels-from-string",
  "version": "1.0.3",
  "lockfileVersion": 3,
  "requires": true,
  "packages": {
    "": {
      "name": "npm-package-remove-vowels-from-string",
      "version": "1.0.0",
      "license": "ISC",
      "dependencies": {
        "npm-package-remove-vowels-from-string": "^1.0.0"
      }
    },
    "node_modules/npm-package-remove-vowels-from-string": {
      "version": "1.0.0",
      "resolved": "https://registry.npmjs.org/npm-package-remove-vowels-from-string/-/npm-package-remove-vowels-from-string-1.0.0.tgz",
      "integrity": "sha512-aSxaT0jBa1PYUQOifqNkXFxuIi+vyFIVdBYnnz8i7btfrlLUGOrX1VdTmT2SFv52Zp3GZ0kVaSAmIiYfZfRsRw=="
    }
  }
}
